// !$*UTF8*$!
{
	archiveVersion = 1;
	classes = {
	};
	objectVersion = 56;
	objects = {

/* Begin PBXBuildFile section */
		B9041EF32B4D7E3B00C1E230 /* DetailedHabitView.swift in Sources */ = {isa = PBXBuildFile; fileRef = B9041EF22B4D7E3B00C1E230 /* DetailedHabitView.swift */; };
		B98DA6B92B4C11BD00C9991D /* BetHabitOfflineApp.swift in Sources */ = {isa = PBXBuildFile; fileRef = B98DA6B82B4C11BD00C9991D /* BetHabitOfflineApp.swift */; };
		B98DA6BB2B4C11BD00C9991D /* ContentView.swift in Sources */ = {isa = PBXBuildFile; fileRef = B98DA6BA2B4C11BD00C9991D /* ContentView.swift */; };
		B98DA6BF2B4C11BF00C9991D /* Assets.xcassets in Resources */ = {isa = PBXBuildFile; fileRef = B98DA6BE2B4C11BF00C9991D /* Assets.xcassets */; };
		B98DA6C22B4C11BF00C9991D /* Preview Assets.xcassets in Resources */ = {isa = PBXBuildFile; fileRef = B98DA6C12B4C11BF00C9991D /* Preview Assets.xcassets */; };
		B98DA6CB2B4C1A7900C9991D /* HabitModel.swift in Sources */ = {isa = PBXBuildFile; fileRef = B98DA6CA2B4C1A7900C9991D /* HabitModel.swift */; };
		B98DA6CF2B4C1E7900C9991D /* HabitCardView.swift in Sources */ = {isa = PBXBuildFile; fileRef = B98DA6CE2B4C1E7900C9991D /* HabitCardView.swift */; };
		B98DA6D22B4C1F5D00C9991D /* DummyHabit.swift in Sources */ = {isa = PBXBuildFile; fileRef = B98DA6D12B4C1F5D00C9991D /* DummyHabit.swift */; };
		B98DA6D72B4CFD6A00C9991D /* DateHelper.swift in Sources */ = {isa = PBXBuildFile; fileRef = B98DA6D62B4CFD6A00C9991D /* DateHelper.swift */; };
		B9BB78C42B678B890093F7CD /* NewHabitView.swift in Sources */ = {isa = PBXBuildFile; fileRef = B9BB78C32B678B890093F7CD /* NewHabitView.swift */; };
		B9BB78C62B68891F0093F7CD /* NewHabitBetView.swift in Sources */ = {isa = PBXBuildFile; fileRef = B9BB78C52B68891F0093F7CD /* NewHabitBetView.swift */; };
		B9C2A70D2B6BCC7F004498A7 /* NavigationHelper.swift in Sources */ = {isa = PBXBuildFile; fileRef = B9C2A70C2B6BCC7F004498A7 /* NavigationHelper.swift */; };
/* End PBXBuildFile section */

/* Begin PBXFileReference section */
		B9041EF22B4D7E3B00C1E230 /* DetailedHabitView.swift */ = {isa = PBXFileReference; lastKnownFileType = sourcecode.swift; path = DetailedHabitView.swift; sourceTree = "<group>"; };
		B98DA6B52B4C11BD00C9991D /* BetHabitOffline.app */ = {isa = PBXFileReference; explicitFileType = wrapper.application; includeInIndex = 0; path = BetHabitOffline.app; sourceTree = BUILT_PRODUCTS_DIR; };
		B98DA6B82B4C11BD00C9991D /* BetHabitOfflineApp.swift */ = {isa = PBXFileReference; lastKnownFileType = sourcecode.swift; path = BetHabitOfflineApp.swift; sourceTree = "<group>"; };
		B98DA6BA2B4C11BD00C9991D /* ContentView.swift */ = {isa = PBXFileReference; lastKnownFileType = sourcecode.swift; path = ContentView.swift; sourceTree = "<group>"; };
		B98DA6BE2B4C11BF00C9991D /* Assets.xcassets */ = {isa = PBXFileReference; lastKnownFileType = folder.assetcatalog; path = Assets.xcassets; sourceTree = "<group>"; };
		B98DA6C12B4C11BF00C9991D /* Preview Assets.xcassets */ = {isa = PBXFileReference; lastKnownFileType = folder.assetcatalog; path = "Preview Assets.xcassets"; sourceTree = "<group>"; };
		B98DA6CA2B4C1A7900C9991D /* HabitModel.swift */ = {isa = PBXFileReference; lastKnownFileType = sourcecode.swift; path = HabitModel.swift; sourceTree = "<group>"; };
		B98DA6CE2B4C1E7900C9991D /* HabitCardView.swift */ = {isa = PBXFileReference; lastKnownFileType = sourcecode.swift; path = HabitCardView.swift; sourceTree = "<group>"; };
		B98DA6D12B4C1F5D00C9991D /* DummyHabit.swift */ = {isa = PBXFileReference; lastKnownFileType = sourcecode.swift; path = DummyHabit.swift; sourceTree = "<group>"; };
		B98DA6D62B4CFD6A00C9991D /* DateHelper.swift */ = {isa = PBXFileReference; lastKnownFileType = sourcecode.swift; path = DateHelper.swift; sourceTree = "<group>"; };
		B9BB78C32B678B890093F7CD /* NewHabitView.swift */ = {isa = PBXFileReference; lastKnownFileType = sourcecode.swift; path = NewHabitView.swift; sourceTree = "<group>"; };
		B9BB78C52B68891F0093F7CD /* NewHabitBetView.swift */ = {isa = PBXFileReference; lastKnownFileType = sourcecode.swift; path = NewHabitBetView.swift; sourceTree = "<group>"; };
		B9C2A70C2B6BCC7F004498A7 /* NavigationHelper.swift */ = {isa = PBXFileReference; lastKnownFileType = sourcecode.swift; path = NavigationHelper.swift; sourceTree = "<group>"; };
/* End PBXFileReference section */

/* Begin PBXFrameworksBuildPhase section */
		B98DA6B22B4C11BD00C9991D /* Frameworks */ = {
			isa = PBXFrameworksBuildPhase;
			buildActionMask = 2147483647;
			files = (
			);
			runOnlyForDeploymentPostprocessing = 0;
		};
/* End PBXFrameworksBuildPhase section */

/* Begin PBXGroup section */
		B98DA6AC2B4C11BD00C9991D = {
			isa = PBXGroup;
			children = (
				B98DA6B72B4C11BD00C9991D /* BetHabitOffline */,
				B98DA6B62B4C11BD00C9991D /* Products */,
			);
			sourceTree = "<group>";
		};
		B98DA6B62B4C11BD00C9991D /* Products */ = {
			isa = PBXGroup;
			children = (
				B98DA6B52B4C11BD00C9991D /* BetHabitOffline.app */,
			);
			name = Products;
			sourceTree = "<group>";
		};
		B98DA6B72B4C11BD00C9991D /* BetHabitOffline */ = {
			isa = PBXGroup;
			children = (
				B98DA6D52B4CFD5500C9991D /* Helpers */,
				B98DA6D02B4C1F4100C9991D /* Resources */,
				B98DA6C92B4C198D00C9991D /* Views */,
				B98DA6C82B4C197E00C9991D /* Models */,
				B98DA6B82B4C11BD00C9991D /* BetHabitOfflineApp.swift */,
				B98DA6BE2B4C11BF00C9991D /* Assets.xcassets */,
				B98DA6C02B4C11BF00C9991D /* Preview Content */,
			);
			path = BetHabitOffline;
			sourceTree = "<group>";
		};
		B98DA6C02B4C11BF00C9991D /* Preview Content */ = {
			isa = PBXGroup;
			children = (
				B98DA6C12B4C11BF00C9991D /* Preview Assets.xcassets */,
			);
			path = "Preview Content";
			sourceTree = "<group>";
		};
		B98DA6C82B4C197E00C9991D /* Models */ = {
			isa = PBXGroup;
			children = (
				B98DA6CA2B4C1A7900C9991D /* HabitModel.swift */,
			);
			path = Models;
			sourceTree = "<group>";
		};
		B98DA6C92B4C198D00C9991D /* Views */ = {
			isa = PBXGroup;
			children = (
				B98DA6BA2B4C11BD00C9991D /* ContentView.swift */,
				B98DA6CE2B4C1E7900C9991D /* HabitCardView.swift */,
				B9041EF22B4D7E3B00C1E230 /* DetailedHabitView.swift */,
				B9BB78C32B678B890093F7CD /* NewHabitView.swift */,
				B9BB78C52B68891F0093F7CD /* NewHabitBetView.swift */,
			);
			path = Views;
			sourceTree = "<group>";
		};
		B98DA6D02B4C1F4100C9991D /* Resources */ = {
			isa = PBXGroup;
			children = (
				B98DA6D12B4C1F5D00C9991D /* DummyHabit.swift */,
			);
			path = Resources;
			sourceTree = "<group>";
		};
		B98DA6D52B4CFD5500C9991D /* Helpers */ = {
			isa = PBXGroup;
			children = (
				B98DA6D62B4CFD6A00C9991D /* DateHelper.swift */,
				B9C2A70C2B6BCC7F004498A7 /* NavigationHelper.swift */,
			);
			path = Helpers;
			sourceTree = "<group>";
		};
/* End PBXGroup section */

/* Begin PBXNativeTarget section */
		B98DA6B42B4C11BD00C9991D /* BetHabitOffline */ = {
			isa = PBXNativeTarget;
			buildConfigurationList = B98DA6C52B4C11BF00C9991D /* Build configuration list for PBXNativeTarget "BetHabitOffline" */;
			buildPhases = (
				B98DA6B12B4C11BD00C9991D /* Sources */,
				B98DA6B22B4C11BD00C9991D /* Frameworks */,
				B98DA6B32B4C11BD00C9991D /* Resources */,
			);
			buildRules = (
			);
			dependencies = (
			);
			name = BetHabitOffline;
			productName = BetHabitOffline;
			productReference = B98DA6B52B4C11BD00C9991D /* BetHabitOffline.app */;
			productType = "com.apple.product-type.application";
		};
/* End PBXNativeTarget section */

/* Begin PBXProject section */
		B98DA6AD2B4C11BD00C9991D /* Project object */ = {
			isa = PBXProject;
			attributes = {
				BuildIndependentTargetsInParallel = 1;
				LastSwiftUpdateCheck = 1510;
				LastUpgradeCheck = 1510;
				TargetAttributes = {
					B98DA6B42B4C11BD00C9991D = {
						CreatedOnToolsVersion = 15.1;
					};
				};
			};
			buildConfigurationList = B98DA6B02B4C11BD00C9991D /* Build configuration list for PBXProject "BetHabitOffline" */;
			compatibilityVersion = "Xcode 14.0";
			developmentRegion = en;
			hasScannedForEncodings = 0;
			knownRegions = (
				en,
				Base,
			);
			mainGroup = B98DA6AC2B4C11BD00C9991D;
			productRefGroup = B98DA6B62B4C11BD00C9991D /* Products */;
			projectDirPath = "";
			projectRoot = "";
			targets = (
				B98DA6B42B4C11BD00C9991D /* BetHabitOffline */,
			);
		};
/* End PBXProject section */

/* Begin PBXResourcesBuildPhase section */
		B98DA6B32B4C11BD00C9991D /* Resources */ = {
			isa = PBXResourcesBuildPhase;
			buildActionMask = 2147483647;
			files = (
				B98DA6C22B4C11BF00C9991D /* Preview Assets.xcassets in Resources */,
				B98DA6BF2B4C11BF00C9991D /* Assets.xcassets in Resources */,
			);
			runOnlyForDeploymentPostprocessing = 0;
		};
/* End PBXResourcesBuildPhase section */

/* Begin PBXSourcesBuildPhase section */
		B98DA6B12B4C11BD00C9991D /* Sources */ = {
			isa = PBXSourcesBuildPhase;
			buildActionMask = 2147483647;
			files = (
				B98DA6CF2B4C1E7900C9991D /* HabitCardView.swift in Sources */,
				B9041EF32B4D7E3B00C1E230 /* DetailedHabitView.swift in Sources */,
				B98DA6D72B4CFD6A00C9991D /* DateHelper.swift in Sources */,
				B98DA6CB2B4C1A7900C9991D /* HabitModel.swift in Sources */,
				B98DA6BB2B4C11BD00C9991D /* ContentView.swift in Sources */,
				B98DA6D22B4C1F5D00C9991D /* DummyHabit.swift in Sources */,
				B9BB78C42B678B890093F7CD /* NewHabitView.swift in Sources */,
				B9C2A70D2B6BCC7F004498A7 /* NavigationHelper.swift in Sources */,
				B9BB78C62B68891F0093F7CD /* NewHabitBetView.swift in Sources */,
				B98DA6B92B4C11BD00C9991D /* BetHabitOfflineApp.swift in Sources */,
			);
			runOnlyForDeploymentPostprocessing = 0;
		};
/* End PBXSourcesBuildPhase section */

/* Begin XCBuildConfiguration section */
		B98DA6C32B4C11BF00C9991D /* Debug */ = {
			isa = XCBuildConfiguration;
			buildSettings = {
				ALWAYS_SEARCH_USER_PATHS = NO;
				ASSETCATALOG_COMPILER_GENERATE_SWIFT_ASSET_SYMBOL_EXTENSIONS = YES;
				CLANG_ANALYZER_NONNULL = YES;
				CLANG_ANALYZER_NUMBER_OBJECT_CONVERSION = YES_AGGRESSIVE;
				CLANG_CXX_LANGUAGE_STANDARD = "gnu++20";
				CLANG_ENABLE_MODULES = YES;
				CLANG_ENABLE_OBJC_ARC = YES;
				CLANG_ENABLE_OBJC_WEAK = YES;
				CLANG_WARN_BLOCK_CAPTURE_AUTORELEASING = YES;
				CLANG_WARN_BOOL_CONVERSION = YES;
				CLANG_WARN_COMMA = YES;
				CLANG_WARN_CONSTANT_CONVERSION = YES;
				CLANG_WARN_DEPRECATED_OBJC_IMPLEMENTATIONS = YES;
				CLANG_WARN_DIRECT_OBJC_ISA_USAGE = YES_ERROR;
				CLANG_WARN_DOCUMENTATION_COMMENTS = YES;
				CLANG_WARN_EMPTY_BODY = YES;
				CLANG_WARN_ENUM_CONVERSION = YES;
				CLANG_WARN_INFINITE_RECURSION = YES;
				CLANG_WARN_INT_CONVERSION = YES;
				CLANG_WARN_NON_LITERAL_NULL_CONVERSION = YES;
				CLANG_WARN_OBJC_IMPLICIT_RETAIN_SELF = YES;
				CLANG_WARN_OBJC_LITERAL_CONVERSION = YES;
				CLANG_WARN_OBJC_ROOT_CLASS = YES_ERROR;
				CLANG_WARN_QUOTED_INCLUDE_IN_FRAMEWORK_HEADER = YES;
				CLANG_WARN_RANGE_LOOP_ANALYSIS = YES;
				CLANG_WARN_STRICT_PROTOTYPES = YES;
				CLANG_WARN_SUSPICIOUS_MOVE = YES;
				CLANG_WARN_UNGUARDED_AVAILABILITY = YES_AGGRESSIVE;
				CLANG_WARN_UNREACHABLE_CODE = YES;
				CLANG_WARN__DUPLICATE_METHOD_MATCH = YES;
				CODE_SIGN_IDENTITY = "Apple Development";
				COPY_PHASE_STRIP = NO;
				DEBUG_INFORMATION_FORMAT = dwarf;
				ENABLE_STRICT_OBJC_MSGSEND = YES;
				ENABLE_TESTABILITY = YES;
				ENABLE_USER_SCRIPT_SANDBOXING = YES;
				GCC_C_LANGUAGE_STANDARD = gnu17;
				GCC_DYNAMIC_NO_PIC = NO;
				GCC_NO_COMMON_BLOCKS = YES;
				GCC_OPTIMIZATION_LEVEL = 0;
				GCC_PREPROCESSOR_DEFINITIONS = (
					"DEBUG=1",
					"$(inherited)",
				);
				GCC_WARN_64_TO_32_BIT_CONVERSION = YES;
				GCC_WARN_ABOUT_RETURN_TYPE = YES_ERROR;
				GCC_WARN_UNDECLARED_SELECTOR = YES;
				GCC_WARN_UNINITIALIZED_AUTOS = YES_AGGRESSIVE;
				GCC_WARN_UNUSED_FUNCTION = YES;
				GCC_WARN_UNUSED_VARIABLE = YES;
				INFOPLIST_KEY_UIUserInterfaceStyle = Light;
				IPHONEOS_DEPLOYMENT_TARGET = 17.2;
				LOCALIZATION_PREFERS_STRING_CATALOGS = YES;
				MTL_ENABLE_DEBUG_INFO = INCLUDE_SOURCE;
				MTL_FAST_MATH = YES;
				ONLY_ACTIVE_ARCH = YES;
				SDKROOT = iphoneos;
				SWIFT_ACTIVE_COMPILATION_CONDITIONS = "DEBUG $(inherited)";
				SWIFT_OPTIMIZATION_LEVEL = "-Onone";
			};
			name = Debug;
		};
		B98DA6C42B4C11BF00C9991D /* Release */ = {
			isa = XCBuildConfiguration;
			buildSettings = {
				ALWAYS_SEARCH_USER_PATHS = NO;
				ASSETCATALOG_COMPILER_GENERATE_SWIFT_ASSET_SYMBOL_EXTENSIONS = YES;
				CLANG_ANALYZER_NONNULL = YES;
				CLANG_ANALYZER_NUMBER_OBJECT_CONVERSION = YES_AGGRESSIVE;
				CLANG_CXX_LANGUAGE_STANDARD = "gnu++20";
				CLANG_ENABLE_MODULES = YES;
				CLANG_ENABLE_OBJC_ARC = YES;
				CLANG_ENABLE_OBJC_WEAK = YES;
				CLANG_WARN_BLOCK_CAPTURE_AUTORELEASING = YES;
				CLANG_WARN_BOOL_CONVERSION = YES;
				CLANG_WARN_COMMA = YES;
				CLANG_WARN_CONSTANT_CONVERSION = YES;
				CLANG_WARN_DEPRECATED_OBJC_IMPLEMENTATIONS = YES;
				CLANG_WARN_DIRECT_OBJC_ISA_USAGE = YES_ERROR;
				CLANG_WARN_DOCUMENTATION_COMMENTS = YES;
				CLANG_WARN_EMPTY_BODY = YES;
				CLANG_WARN_ENUM_CONVERSION = YES;
				CLANG_WARN_INFINITE_RECURSION = YES;
				CLANG_WARN_INT_CONVERSION = YES;
				CLANG_WARN_NON_LITERAL_NULL_CONVERSION = YES;
				CLANG_WARN_OBJC_IMPLICIT_RETAIN_SELF = YES;
				CLANG_WARN_OBJC_LITERAL_CONVERSION = YES;
				CLANG_WARN_OBJC_ROOT_CLASS = YES_ERROR;
				CLANG_WARN_QUOTED_INCLUDE_IN_FRAMEWORK_HEADER = YES;
				CLANG_WARN_RANGE_LOOP_ANALYSIS = YES;
				CLANG_WARN_STRICT_PROTOTYPES = YES;
				CLANG_WARN_SUSPICIOUS_MOVE = YES;
				CLANG_WARN_UNGUARDED_AVAILABILITY = YES_AGGRESSIVE;
				CLANG_WARN_UNREACHABLE_CODE = YES;
				CLANG_WARN__DUPLICATE_METHOD_MATCH = YES;
				CODE_SIGN_IDENTITY = "Apple Development";
				COPY_PHASE_STRIP = NO;
				DEBUG_INFORMATION_FORMAT = "dwarf-with-dsym";
				ENABLE_NS_ASSERTIONS = NO;
				ENABLE_STRICT_OBJC_MSGSEND = YES;
				ENABLE_USER_SCRIPT_SANDBOXING = YES;
				GCC_C_LANGUAGE_STANDARD = gnu17;
				GCC_NO_COMMON_BLOCKS = YES;
				GCC_WARN_64_TO_32_BIT_CONVERSION = YES;
				GCC_WARN_ABOUT_RETURN_TYPE = YES_ERROR;
				GCC_WARN_UNDECLARED_SELECTOR = YES;
				GCC_WARN_UNINITIALIZED_AUTOS = YES_AGGRESSIVE;
				GCC_WARN_UNUSED_FUNCTION = YES;
				GCC_WARN_UNUSED_VARIABLE = YES;
				INFOPLIST_KEY_UIUserInterfaceStyle = Light;
				IPHONEOS_DEPLOYMENT_TARGET = 17.2;
				LOCALIZATION_PREFERS_STRING_CATALOGS = YES;
				MTL_ENABLE_DEBUG_INFO = NO;
				MTL_FAST_MATH = YES;
				SDKROOT = iphoneos;
				SWIFT_COMPILATION_MODE = wholemodule;
				VALIDATE_PRODUCT = YES;
			};
			name = Release;
		};
		B98DA6C62B4C11BF00C9991D /* Debug */ = {
			isa = XCBuildConfiguration;
			buildSettings = {
				ASSETCATALOG_COMPILER_APPICON_NAME = AppIcon;
				ASSETCATALOG_COMPILER_GLOBAL_ACCENT_COLOR_NAME = AccentColor;
				CODE_SIGN_IDENTITY = "Apple Development";
				CODE_SIGN_STYLE = Automatic;
				CURRENT_PROJECT_VERSION = 1;
				DEVELOPMENT_ASSET_PATHS = "\"BetHabitOffline/Preview Content\"";
				DEVELOPMENT_TEAM = QYC9Z88RVC;
				ENABLE_PREVIEWS = YES;
				GENERATE_INFOPLIST_FILE = YES;
				INFOPLIST_KEY_CFBundleDisplayName = BetHabit;
				INFOPLIST_KEY_LSApplicationCategoryType = "public.app-category.lifestyle";
				INFOPLIST_KEY_UIApplicationSceneManifest_Generation = YES;
				INFOPLIST_KEY_UIApplicationSupportsIndirectInputEvents = YES;
				INFOPLIST_KEY_UILaunchScreen_Generation = YES;
				INFOPLIST_KEY_UISupportedInterfaceOrientations = UIInterfaceOrientationPortrait;
				INFOPLIST_KEY_UIUserInterfaceStyle = Light;
				IPHONEOS_DEPLOYMENT_TARGET = 17.0;
				LD_RUNPATH_SEARCH_PATHS = (
					"$(inherited)",
					"@executable_path/Frameworks",
				);
				MARKETING_VERSION = 1.0;
				PRODUCT_BUNDLE_IDENTIFIER = com.nosaysay.BetHabitOffline;
				PRODUCT_NAME = "$(TARGET_NAME)";
				SUPPORTED_PLATFORMS = "iphoneos iphonesimulator";
				SUPPORTS_MACCATALYST = NO;
				SUPPORTS_MAC_DESIGNED_FOR_IPHONE_IPAD = NO;
				SWIFT_EMIT_LOC_STRINGS = YES;
				SWIFT_VERSION = 5.0;
				TARGETED_DEVICE_FAMILY = 1;
			};
			name = Debug;
		};
		B98DA6C72B4C11BF00C9991D /* Release */ = {
			isa = XCBuildConfiguration;
			buildSettings = {
				ASSETCATALOG_COMPILER_APPICON_NAME = AppIcon;
				ASSETCATALOG_COMPILER_GLOBAL_ACCENT_COLOR_NAME = AccentColor;
				CODE_SIGN_IDENTITY = "Apple Development";
				CODE_SIGN_STYLE = Automatic;
				CURRENT_PROJECT_VERSION = 1;
				DEVELOPMENT_ASSET_PATHS = "\"BetHabitOffline/Preview Content\"";
				DEVELOPMENT_TEAM = QYC9Z88RVC;
				ENABLE_PREVIEWS = YES;
				GENERATE_INFOPLIST_FILE = YES;
				INFOPLIST_KEY_CFBundleDisplayName = BetHabit;
				INFOPLIST_KEY_LSApplicationCategoryType = "public.app-category.lifestyle";
				INFOPLIST_KEY_UIApplicationSceneManifest_Generation = YES;
				INFOPLIST_KEY_UIApplicationSupportsIndirectInputEvents = YES;
				INFOPLIST_KEY_UILaunchScreen_Generation = YES;
				INFOPLIST_KEY_UISupportedInterfaceOrientations = UIInterfaceOrientationPortrait;
				INFOPLIST_KEY_UIUserInterfaceStyle = Light;
				IPHONEOS_DEPLOYMENT_TARGET = 17.0;
				LD_RUNPATH_SEARCH_PATHS = (
					"$(inherited)",
					"@executable_path/Frameworks",
				);
				MARKETING_VERSION = 1.0;
				PRODUCT_BUNDLE_IDENTIFIER = com.nosaysay.BetHabitOffline;
				PRODUCT_NAME = "$(TARGET_NAME)";
				SUPPORTED_PLATFORMS = "iphoneos iphonesimulator";
				SUPPORTS_MACCATALYST = NO;
				SUPPORTS_MAC_DESIGNED_FOR_IPHONE_IPAD = NO;
				SWIFT_EMIT_LOC_STRINGS = YES;
				SWIFT_VERSION = 5.0;
				TARGETED_DEVICE_FAMILY = 1;
			};
			name = Release;
		};
/* End XCBuildConfiguration section */

/* Begin XCConfigurationList section */
		B98DA6B02B4C11BD00C9991D /* Build configuration list for PBXProject "BetHabitOffline" */ = {
			isa = XCConfigurationList;
			buildConfigurations = (
				B98DA6C32B4C11BF00C9991D /* Debug */,
				B98DA6C42B4C11BF00C9991D /* Release */,
			);
			defaultConfigurationIsVisible = 0;
			defaultConfigurationName = Release;
		};
		B98DA6C52B4C11BF00C9991D /* Build configuration list for PBXNativeTarget "BetHabitOffline" */ = {
			isa = XCConfigurationList;
			buildConfigurations = (
				B98DA6C62B4C11BF00C9991D /* Debug */,
				B98DA6C72B4C11BF00C9991D /* Release */,
			);
			defaultConfigurationIsVisible = 0;
			defaultConfigurationName = Release;
		};
/* End XCConfigurationList section */
	};
	rootObject = B98DA6AD2B4C11BD00C9991D /* Project object */;
}
